
Microsoft Visual Studio Solution File, Format Version 12.00
# Visual Studio Version 16
VisualStudioVersion = 16.0.31605.320
MinimumVisualStudioVersion = 10.0.40219.1
Project("{FAE04EC0-301F-11D3-BF4B-00C04F79EFBC}") = "DesTiposTriang", "DesTiposTriang\DesTiposTriang.csproj", "{BFBB71D9-5AE8-4D8D-808D-80FABC8A6B89}"
EndProject
Global
	GlobalSection(SolutionConfigurationPlatforms) = preSolution
		Debug|Any CPU = Debug|Any CPU
		Release|Any CPU = Release|Any CPU
	EndGlobalSection
	GlobalSection(ProjectConfigurationPlatforms) = postSolution
		{BFBB71D9-5AE8-4D8D-808D-80FABC8A6B89}.Debug|Any CPU.ActiveCfg = Debug|Any CPU
		{BFBB71D9-5AE8-4D8D-808D-80FABC8A6B89}.Debug|Any CPU.Build.0 = Debug|Any CPU
		{BFBB71D9-5AE8-4D8D-808D-80FABC8A6B89}.Release|Any CPU.ActiveCfg = Release|Any CPU
		{BFBB71D9-5AE8-4D8D-808D-80FABC8A6B89}.Release|Any CPU.Build.0 = Release|Any CPU
	EndGlobalSection
	GlobalSection(SolutionProperties) = preSolution
		HideSolutionNode = FALSE
	EndGlobalSection
	GlobalSection(ExtensibilityGlobals) = postSolution
		SolutionGuid = {26A9FB69-B882-4A07-A5D1-7A214FEF9069}
	EndGlobalSection
EndGlobal
